
Microsoft Visual Studio Solution File, Format Version 12.00
# Visual Studio Version 17
VisualStudioVersion = 17.7.34202.233
MinimumVisualStudioVersion = 10.0.40219.1
Project("{FAE04EC0-301F-11D3-BF4B-00C04F79EFBC}") = "PlayerAudio", "PlayerAudio\PlayerAudio.csproj", "{37AB12B1-22EA-4DE7-9517-351710A6B54C}"
EndProject
Global
	GlobalSection(SolutionConfigurationPlatforms) = preSolution
		Debug|Any CPU = Debug|Any CPU
		Release|Any CPU = Release|Any CPU
	EndGlobalSection
	GlobalSection(ProjectConfigurationPlatforms) = postSolution
		{37AB12B1-22EA-4DE7-9517-351710A6B54C}.Debug|Any CPU.ActiveCfg = Debug|Any CPU
		{37AB12B1-22EA-4DE7-9517-351710A6B54C}.Debug|Any CPU.Build.0 = Debug|Any CPU
		{37AB12B1-22EA-4DE7-9517-351710A6B54C}.Release|Any CPU.ActiveCfg = Release|Any CPU
		{37AB12B1-22EA-4DE7-9517-351710A6B54C}.Release|Any CPU.Build.0 = Release|Any CPU
	EndGlobalSection
	GlobalSection(SolutionProperties) = preSolution
		HideSolutionNode = FALSE
	EndGlobalSection
	GlobalSection(ExtensibilityGlobals) = postSolution
		SolutionGuid = {2AFC586A-67B4-4122-A4E2-346EF184E882}
	EndGlobalSection
EndGlobal
